
Microsoft Visual Studio Solution File, Format Version 12.00
# Visual Studio Version 17
VisualStudioVersion = 17.7.34202.233
MinimumVisualStudioVersion = 10.0.40219.1
Project("{9A19103F-16F7-4668-BE54-9A1E7A4F7556}") = "MetaQuotes.Services.GeoInformationService.Api", "src\MetaQuotes.Services.GeoInformationService.Api\MetaQuotes.Services.GeoInformationService.Api.csproj", "{F98A8E15-DDDA-4178-B7D1-B1008D827970}"
EndProject
Project("{9A19103F-16F7-4668-BE54-9A1E7A4F7556}") = "MetaQuotes.Services.GeoInformationService.Application", "src\MetaQuotes.Services.GeoInformationService.Application\MetaQuotes.Services.GeoInformationService.Application.csproj", "{4F8C02AF-CAC3-48CA-850B-F6877B59B1AD}"
EndProject
Project("{9A19103F-16F7-4668-BE54-9A1E7A4F7556}") = "MetaQuotes.Services.GeoInformationService.Domain", "src\MetaQuotes.Services.GeoInformationService.Domain\MetaQuotes.Services.GeoInformationService.Domain.csproj", "{F87C8DDD-B205-48C7-8D7B-CB1CB7458862}"
EndProject
Project("{9A19103F-16F7-4668-BE54-9A1E7A4F7556}") = "MetaQuotes.Services.GeoInformationService.Infrastructure", "src\MetaQuotes.Services.GeoInformationService.Infrastructure\MetaQuotes.Services.GeoInformationService.Infrastructure.csproj", "{B2E5C8F2-3940-407A-9D6A-143D8D42E01C}"
EndProject
Project("{2150E333-8FDC-42A3-9474-1A3956D46DE8}") = "SolitionItems", "SolitionItems", "{EC4D7BB7-3724-4AF2-86EA-0722C1A1F84F}"
	ProjectSection(SolutionItems) = preProject
		docker-compose.yml = docker-compose.yml
		DockerFile_GeoInformationService = DockerFile_GeoInformationService
	EndProjectSection
EndProject
Project("{2150E333-8FDC-42A3-9474-1A3956D46DE8}") = "GeoInformationService", "GeoInformationService", "{4C29744B-D332-43D7-A384-861D077DA5B7}"
EndProject
Project("{9A19103F-16F7-4668-BE54-9A1E7A4F7556}") = "MetaQuotes.Services.GeoInformationService.Tests", "src\MetaQuotes.Services.GeoInformationService.Tests\MetaQuotes.Services.GeoInformationService.Tests.csproj", "{C343496E-64DD-4E15-A6C7-C27791FC7C90}"
EndProject
Global
	GlobalSection(SolutionConfigurationPlatforms) = preSolution
		Debug|Any CPU = Debug|Any CPU
		Release|Any CPU = Release|Any CPU
	EndGlobalSection
	GlobalSection(ProjectConfigurationPlatforms) = postSolution
		{F98A8E15-DDDA-4178-B7D1-B1008D827970}.Debug|Any CPU.ActiveCfg = Debug|Any CPU
		{F98A8E15-DDDA-4178-B7D1-B1008D827970}.Debug|Any CPU.Build.0 = Debug|Any CPU
		{F98A8E15-DDDA-4178-B7D1-B1008D827970}.Release|Any CPU.ActiveCfg = Release|Any CPU
		{F98A8E15-DDDA-4178-B7D1-B1008D827970}.Release|Any CPU.Build.0 = Release|Any CPU
		{4F8C02AF-CAC3-48CA-850B-F6877B59B1AD}.Debug|Any CPU.ActiveCfg = Debug|Any CPU
		{4F8C02AF-CAC3-48CA-850B-F6877B59B1AD}.Debug|Any CPU.Build.0 = Debug|Any CPU
		{4F8C02AF-CAC3-48CA-850B-F6877B59B1AD}.Release|Any CPU.ActiveCfg = Release|Any CPU
		{4F8C02AF-CAC3-48CA-850B-F6877B59B1AD}.Release|Any CPU.Build.0 = Release|Any CPU
		{F87C8DDD-B205-48C7-8D7B-CB1CB7458862}.Debug|Any CPU.ActiveCfg = Debug|Any CPU
		{F87C8DDD-B205-48C7-8D7B-CB1CB7458862}.Debug|Any CPU.Build.0 = Debug|Any CPU
		{F87C8DDD-B205-48C7-8D7B-CB1CB7458862}.Release|Any CPU.ActiveCfg = Release|Any CPU
		{F87C8DDD-B205-48C7-8D7B-CB1CB7458862}.Release|Any CPU.Build.0 = Release|Any CPU
		{B2E5C8F2-3940-407A-9D6A-143D8D42E01C}.Debug|Any CPU.ActiveCfg = Debug|Any CPU
		{B2E5C8F2-3940-407A-9D6A-143D8D42E01C}.Debug|Any CPU.Build.0 = Debug|Any CPU
		{B2E5C8F2-3940-407A-9D6A-143D8D42E01C}.Release|Any CPU.ActiveCfg = Release|Any CPU
		{B2E5C8F2-3940-407A-9D6A-143D8D42E01C}.Release|Any CPU.Build.0 = Release|Any CPU
		{C343496E-64DD-4E15-A6C7-C27791FC7C90}.Debug|Any CPU.ActiveCfg = Debug|Any CPU
		{C343496E-64DD-4E15-A6C7-C27791FC7C90}.Debug|Any CPU.Build.0 = Debug|Any CPU
		{C343496E-64DD-4E15-A6C7-C27791FC7C90}.Release|Any CPU.ActiveCfg = Release|Any CPU
		{C343496E-64DD-4E15-A6C7-C27791FC7C90}.Release|Any CPU.Build.0 = Release|Any CPU
	EndGlobalSection
	GlobalSection(SolutionProperties) = preSolution
		HideSolutionNode = FALSE
	EndGlobalSection
	GlobalSection(NestedProjects) = preSolution
		{F98A8E15-DDDA-4178-B7D1-B1008D827970} = {4C29744B-D332-43D7-A384-861D077DA5B7}
		{4F8C02AF-CAC3-48CA-850B-F6877B59B1AD} = {4C29744B-D332-43D7-A384-861D077DA5B7}
		{F87C8DDD-B205-48C7-8D7B-CB1CB7458862} = {4C29744B-D332-43D7-A384-861D077DA5B7}
		{B2E5C8F2-3940-407A-9D6A-143D8D42E01C} = {4C29744B-D332-43D7-A384-861D077DA5B7}
		{C343496E-64DD-4E15-A6C7-C27791FC7C90} = {4C29744B-D332-43D7-A384-861D077DA5B7}
	EndGlobalSection
	GlobalSection(ExtensibilityGlobals) = postSolution
		SolutionGuid = {54F7171D-CC26-450B-9F24-E10C017D7080}
	EndGlobalSection
EndGlobal
